
Microsoft Visual Studio Solution File, Format Version 12.00
# Visual Studio Version 16
VisualStudioVersion = 16.0.30503.244
MinimumVisualStudioVersion = 10.0.40219.1
Project("{FAE04EC0-301F-11D3-BF4B-00C04F79EFBC}") = "IChorse", "IChorse.csproj", "{BB8DE4AE-FD52-49E5-B186-941B08E8162F}"
EndProject
Global
	GlobalSection(SolutionConfigurationPlatforms) = preSolution
		Debug|Any CPU = Debug|Any CPU
		Release|Any CPU = Release|Any CPU
	EndGlobalSection
	GlobalSection(ProjectConfigurationPlatforms) = postSolution
		{BB8DE4AE-FD52-49E5-B186-941B08E8162F}.Debug|Any CPU.ActiveCfg = Debug|Any CPU
		{BB8DE4AE-FD52-49E5-B186-941B08E8162F}.Debug|Any CPU.Build.0 = Debug|Any CPU
		{BB8DE4AE-FD52-49E5-B186-941B08E8162F}.Release|Any CPU.ActiveCfg = Release|Any CPU
		{BB8DE4AE-FD52-49E5-B186-941B08E8162F}.Release|Any CPU.Build.0 = Release|Any CPU
	EndGlobalSection
	GlobalSection(SolutionProperties) = preSolution
		HideSolutionNode = FALSE
	EndGlobalSection
	GlobalSection(ExtensibilityGlobals) = postSolution
		SolutionGuid = {F8AD3EC9-9F2F-49A5-B161-EE3AA5244B51}
	EndGlobalSection
EndGlobal
